
Microsoft Visual Studio Solution File, Format Version 12.00
# Visual Studio Version 17
VisualStudioVersion = 17.4.33103.184
MinimumVisualStudioVersion = 10.0.40219.1
Project("{8BC9CEB8-8B4A-11D0-8D11-00A0C91BC942}") = "test_1_6", "test_1_6\test_1_6.vcxproj", "{063C1DC8-5122-4C65-831B-A916658F183F}"
EndProject
Global
	GlobalSection(SolutionConfigurationPlatforms) = preSolution
		Debug|x64 = Debug|x64
		Debug|x86 = Debug|x86
		Release|x64 = Release|x64
		Release|x86 = Release|x86
	EndGlobalSection
	GlobalSection(ProjectConfigurationPlatforms) = postSolution
		{063C1DC8-5122-4C65-831B-A916658F183F}.Debug|x64.ActiveCfg = Debug|x64
		{063C1DC8-5122-4C65-831B-A916658F183F}.Debug|x64.Build.0 = Debug|x64
		{063C1DC8-5122-4C65-831B-A916658F183F}.Debug|x86.ActiveCfg = Debug|Win32
		{063C1DC8-5122-4C65-831B-A916658F183F}.Debug|x86.Build.0 = Debug|Win32
		{063C1DC8-5122-4C65-831B-A916658F183F}.Release|x64.ActiveCfg = Release|x64
		{063C1DC8-5122-4C65-831B-A916658F183F}.Release|x64.Build.0 = Release|x64
		{063C1DC8-5122-4C65-831B-A916658F183F}.Release|x86.ActiveCfg = Release|Win32
		{063C1DC8-5122-4C65-831B-A916658F183F}.Release|x86.Build.0 = Release|Win32
	EndGlobalSection
	GlobalSection(SolutionProperties) = preSolution
		HideSolutionNode = FALSE
	EndGlobalSection
	GlobalSection(ExtensibilityGlobals) = postSolution
		SolutionGuid = {9E5C0AB7-EF38-4955-9963-4704FC55F22C}
	EndGlobalSection
EndGlobal
