
Microsoft Visual Studio Solution File, Format Version 12.00
# Visual Studio Version 17
VisualStudioVersion = 17.3.32929.385
MinimumVisualStudioVersion = 10.0.40219.1
Project("{8BC9CEB8-8B4A-11D0-8D11-00A0C91BC942}") = "Project1019", "Project1019\Project1019.vcxproj", "{BB839A69-28C8-4306-9E2E-F1278A5742DA}"
EndProject
Global
	GlobalSection(SolutionConfigurationPlatforms) = preSolution
		Debug|x64 = Debug|x64
		Debug|x86 = Debug|x86
		Release|x64 = Release|x64
		Release|x86 = Release|x86
	EndGlobalSection
	GlobalSection(ProjectConfigurationPlatforms) = postSolution
		{BB839A69-28C8-4306-9E2E-F1278A5742DA}.Debug|x64.ActiveCfg = Debug|x64
		{BB839A69-28C8-4306-9E2E-F1278A5742DA}.Debug|x64.Build.0 = Debug|x64
		{BB839A69-28C8-4306-9E2E-F1278A5742DA}.Debug|x86.ActiveCfg = Debug|Win32
		{BB839A69-28C8-4306-9E2E-F1278A5742DA}.Debug|x86.Build.0 = Debug|Win32
		{BB839A69-28C8-4306-9E2E-F1278A5742DA}.Release|x64.ActiveCfg = Release|x64
		{BB839A69-28C8-4306-9E2E-F1278A5742DA}.Release|x64.Build.0 = Release|x64
		{BB839A69-28C8-4306-9E2E-F1278A5742DA}.Release|x86.ActiveCfg = Release|Win32
		{BB839A69-28C8-4306-9E2E-F1278A5742DA}.Release|x86.Build.0 = Release|Win32
	EndGlobalSection
	GlobalSection(SolutionProperties) = preSolution
		HideSolutionNode = FALSE
	EndGlobalSection
	GlobalSection(ExtensibilityGlobals) = postSolution
		SolutionGuid = {1CD556CE-EA0D-48FA-8A97-1FDE1E1728DD}
	EndGlobalSection
EndGlobal
