
Microsoft Visual Studio Solution File, Format Version 12.00
# Visual Studio Version 17
VisualStudioVersion = 17.4.33103.184
MinimumVisualStudioVersion = 10.0.40219.1
Project("{8BC9CEB8-8B4A-11D0-8D11-00A0C91BC942}") = "text_12_24", "text_12_24\text_12_24.vcxproj", "{5BCF4719-3FB0-46E1-87BF-47E7209C056C}"
EndProject
Global
	GlobalSection(SolutionConfigurationPlatforms) = preSolution
		Debug|x64 = Debug|x64
		Debug|x86 = Debug|x86
		Release|x64 = Release|x64
		Release|x86 = Release|x86
	EndGlobalSection
	GlobalSection(ProjectConfigurationPlatforms) = postSolution
		{5BCF4719-3FB0-46E1-87BF-47E7209C056C}.Debug|x64.ActiveCfg = Debug|x64
		{5BCF4719-3FB0-46E1-87BF-47E7209C056C}.Debug|x64.Build.0 = Debug|x64
		{5BCF4719-3FB0-46E1-87BF-47E7209C056C}.Debug|x86.ActiveCfg = Debug|Win32
		{5BCF4719-3FB0-46E1-87BF-47E7209C056C}.Debug|x86.Build.0 = Debug|Win32
		{5BCF4719-3FB0-46E1-87BF-47E7209C056C}.Release|x64.ActiveCfg = Release|x64
		{5BCF4719-3FB0-46E1-87BF-47E7209C056C}.Release|x64.Build.0 = Release|x64
		{5BCF4719-3FB0-46E1-87BF-47E7209C056C}.Release|x86.ActiveCfg = Release|Win32
		{5BCF4719-3FB0-46E1-87BF-47E7209C056C}.Release|x86.Build.0 = Release|Win32
	EndGlobalSection
	GlobalSection(SolutionProperties) = preSolution
		HideSolutionNode = FALSE
	EndGlobalSection
	GlobalSection(ExtensibilityGlobals) = postSolution
		SolutionGuid = {6714ABC0-1BEB-4404-9C16-B2140093B693}
	EndGlobalSection
EndGlobal
